PODS:
  - Flutter (1.0.0)
  - image_picker (0.0.1):
    - Flutter
  - LibTorch (1.8.0):
    - LibTorch/Core (= 1.8.0)
  - LibTorch/Core (1.8.0):
    - LibTorch/Torch
  - LibTorch/Torch (1.8.0)
  - path_provider (0.0.1):
    - Flutter
  - pytorch_mobile (0.0.1):
    - Flutter
    - LibTorch (~> 1.8.0)

DEPENDENCIES:
  - Flutter (from `Flutter`)
  - image_picker (from `.symlinks/plugins/image_picker/ios`)
  - path_provider (from `.symlinks/plugins/path_provider/ios`)
  - pytorch_mobile (from `.symlinks/plugins/pytorch_mobile/ios`)

SPEC REPOS:
  trunk:
    - LibTorch

EXTERNAL SOURCES:
  Flutter:
    :path: Flutter
  image_picker:
    :path: ".symlinks/plugins/image_picker/ios"
  path_provider:
    :path: ".symlinks/plugins/path_provider/ios"
  pytorch_mobile:
    :path: ".symlinks/plugins/pytorch_mobile/ios"

SPEC CHECKSUMS:
  Flutter: 434fef37c0980e73bb6479ef766c45957d4b510c
  image_picker: 50e7c7ff960e5f58faa4d1f4af84a771c671bc4a
  LibTorch: d7724112589515bedd5eadf14a9db5b1d62d8a34
  path_provider: abfe2b5c733d04e238b0d8691db0cfd63a27a93c
  pytorch_mobile: cdb1566b9883c59662d443e904db6674e829dd84

PODFILE CHECKSUM: d9646c0250b6c86682c69a86e40f54c636c64ae4

COCOAPODS: 1.10.1
