PODS:
  - Flutter (1.0.0)
  - image_picker (0.0.1):
    - Flutter
  - LibTorch (1.6.1):
    - LibTorch/Core (= 1.6.1)
  - LibTorch/Core (1.6.1):
    - LibTorch/Torch
  - LibTorch/Torch (1.6.1)
  - path_provider (0.0.1):
    - Flutter
  - pytorch_mobile (0.0.1):
    - Flutter
    - LibTorch (~> 1.6.0)

DEPENDENCIES:
  - Flutter (from `Flutter`)
  - image_picker (from `.symlinks/plugins/image_picker/ios`)
  - path_provider (from `.symlinks/plugins/path_provider/ios`)
  - pytorch_mobile (from `.symlinks/plugins/pytorch_mobile/ios`)

SPEC REPOS:
  trunk:
    - LibTorch

EXTERNAL SOURCES:
  Flutter:
    :path: Flutter
  image_picker:
    :path: ".symlinks/plugins/image_picker/ios"
  path_provider:
    :path: ".symlinks/plugins/path_provider/ios"
  pytorch_mobile:
    :path: ".symlinks/plugins/pytorch_mobile/ios"

SPEC CHECKSUMS:
  Flutter: 0e3d915762c693b495b44d77113d4970485de6ec
  image_picker: e3eacd46b94694dde7cf2705955cece853aa1a8f
  LibTorch: 32a83630ab5b4505f205c7e332975a2d3d6e0c55
  path_provider: fb74bd0465e96b594bb3b5088ee4a4e7bb1f2a9d
  pytorch_mobile: 22fd3005ff24695fbea6d0aa79f0a2a8edfb5152

PODFILE CHECKSUM: cf0c950f7e9a456b4e325f5b8fc0f98906a3705a

COCOAPODS: 1.10.0
